
Microsoft Visual Studio Solution File, Format Version 12.00
# Visual Studio Version 17
VisualStudioVersion = 17.9.34723.18
MinimumVisualStudioVersion = 10.0.40219.1
Project("{FAE04EC0-301F-11D3-BF4B-00C04F79EFBC}") = "ExemploExplorando", "ExemploExplorando\ExemploExplorando.csproj", "{EC6D7E76-3DF2-4AFB-BCA2-3798F2A34D74}"
EndProject
Global
	GlobalSection(SolutionConfigurationPlatforms) = preSolution
		Debug|Any CPU = Debug|Any CPU
		Release|Any CPU = Release|Any CPU
	EndGlobalSection
	GlobalSection(ProjectConfigurationPlatforms) = postSolution
		{EC6D7E76-3DF2-4AFB-BCA2-3798F2A34D74}.Debug|Any CPU.ActiveCfg = Debug|Any CPU
		{EC6D7E76-3DF2-4AFB-BCA2-3798F2A34D74}.Debug|Any CPU.Build.0 = Debug|Any CPU
		{EC6D7E76-3DF2-4AFB-BCA2-3798F2A34D74}.Release|Any CPU.ActiveCfg = Release|Any CPU
		{EC6D7E76-3DF2-4AFB-BCA2-3798F2A34D74}.Release|Any CPU.Build.0 = Release|Any CPU
	EndGlobalSection
	GlobalSection(SolutionProperties) = preSolution
		HideSolutionNode = FALSE
	EndGlobalSection
	GlobalSection(ExtensibilityGlobals) = postSolution
		SolutionGuid = {DA625155-ADA5-4689-B65F-860E7B97A57A}
	EndGlobalSection
EndGlobal
