
Microsoft Visual Studio Solution File, Format Version 12.00
# Visual Studio Version 17
VisualStudioVersion = 17.9.34723.18
MinimumVisualStudioVersion = 10.0.40219.1
Project("{FAE04EC0-301F-11D3-BF4B-00C04F79EFBC}") = "ExemploPOO", "ExemploPOO\ExemploPOO.csproj", "{FD6B5865-8F76-49F6-A526-5F5B4B4BA76D}"
EndProject
Global
	GlobalSection(SolutionConfigurationPlatforms) = preSolution
		Debug|Any CPU = Debug|Any CPU
		Release|Any CPU = Release|Any CPU
	EndGlobalSection
	GlobalSection(ProjectConfigurationPlatforms) = postSolution
		{FD6B5865-8F76-49F6-A526-5F5B4B4BA76D}.Debug|Any CPU.ActiveCfg = Debug|Any CPU
		{FD6B5865-8F76-49F6-A526-5F5B4B4BA76D}.Debug|Any CPU.Build.0 = Debug|Any CPU
		{FD6B5865-8F76-49F6-A526-5F5B4B4BA76D}.Release|Any CPU.ActiveCfg = Release|Any CPU
		{FD6B5865-8F76-49F6-A526-5F5B4B4BA76D}.Release|Any CPU.Build.0 = Release|Any CPU
	EndGlobalSection
	GlobalSection(SolutionProperties) = preSolution
		HideSolutionNode = FALSE
	EndGlobalSection
	GlobalSection(ExtensibilityGlobals) = postSolution
		SolutionGuid = {E81E1AF6-098A-48EB-ADBE-A5ACD2DA86EC}
	EndGlobalSection
EndGlobal
