
Microsoft Visual Studio Solution File, Format Version 12.00
# Visual Studio Version 17
VisualStudioVersion = 17.9.34723.18
MinimumVisualStudioVersion = 10.0.40219.1
Project("{FAE04EC0-301F-11D3-BF4B-00C04F79EFBC}") = "Estacionamento", "Estacionamento\Estacionamento.csproj", "{37FE9F18-8977-4A97-8578-2642E9F618FF}"
EndProject
Global
	GlobalSection(SolutionConfigurationPlatforms) = preSolution
		Debug|Any CPU = Debug|Any CPU
		Release|Any CPU = Release|Any CPU
	EndGlobalSection
	GlobalSection(ProjectConfigurationPlatforms) = postSolution
		{37FE9F18-8977-4A97-8578-2642E9F618FF}.Debug|Any CPU.ActiveCfg = Debug|Any CPU
		{37FE9F18-8977-4A97-8578-2642E9F618FF}.Debug|Any CPU.Build.0 = Debug|Any CPU
		{37FE9F18-8977-4A97-8578-2642E9F618FF}.Release|Any CPU.ActiveCfg = Release|Any CPU
		{37FE9F18-8977-4A97-8578-2642E9F618FF}.Release|Any CPU.Build.0 = Release|Any CPU
	EndGlobalSection
	GlobalSection(SolutionProperties) = preSolution
		HideSolutionNode = FALSE
	EndGlobalSection
	GlobalSection(ExtensibilityGlobals) = postSolution
		SolutionGuid = {50A59952-ECA2-4512-94C5-656AEE6156F6}
	EndGlobalSection
EndGlobal
